
Microsoft Visual Studio Solution File, Format Version 12.00
# Visual Studio Version 16
VisualStudioVersion = 16.0.30128.74
MinimumVisualStudioVersion = 10.0.40219.1
Project("{FAE04EC0-301F-11D3-BF4B-00C04F79EFBC}") = "arraycompare-csharp", "arraycompare-csharp.csproj", "{4CA3D0DF-4669-4D8E-87EC-EA6F708D903A}"
EndProject
Project("{FAE04EC0-301F-11D3-BF4B-00C04F79EFBC}") = "arraycompare-tests", "..\arraycompare-tests\arraycompare-tests.csproj", "{BDEB64FC-3489-4BD7-8383-9BBCADB0B787}"
EndProject
Global
	GlobalSection(SolutionConfigurationPlatforms) = preSolution
		Debug|Any CPU = Debug|Any CPU
		Release|Any CPU = Release|Any CPU
	EndGlobalSection
	GlobalSection(ProjectConfigurationPlatforms) = postSolution
		{4CA3D0DF-4669-4D8E-87EC-EA6F708D903A}.Debug|Any CPU.ActiveCfg = Debug|Any CPU
		{4CA3D0DF-4669-4D8E-87EC-EA6F708D903A}.Debug|Any CPU.Build.0 = Debug|Any CPU
		{4CA3D0DF-4669-4D8E-87EC-EA6F708D903A}.Release|Any CPU.ActiveCfg = Release|Any CPU
		{4CA3D0DF-4669-4D8E-87EC-EA6F708D903A}.Release|Any CPU.Build.0 = Release|Any CPU
		{BDEB64FC-3489-4BD7-8383-9BBCADB0B787}.Debug|Any CPU.ActiveCfg = Debug|Any CPU
		{BDEB64FC-3489-4BD7-8383-9BBCADB0B787}.Debug|Any CPU.Build.0 = Debug|Any CPU
		{BDEB64FC-3489-4BD7-8383-9BBCADB0B787}.Release|Any CPU.ActiveCfg = Release|Any CPU
		{BDEB64FC-3489-4BD7-8383-9BBCADB0B787}.Release|Any CPU.Build.0 = Release|Any CPU
	EndGlobalSection
	GlobalSection(SolutionProperties) = preSolution
		HideSolutionNode = FALSE
	EndGlobalSection
	GlobalSection(ExtensibilityGlobals) = postSolution
		SolutionGuid = {1E0BDF9D-F4AA-4C49-AA79-2D35A87EB984}
	EndGlobalSection
EndGlobal
