
Microsoft Visual Studio Solution File, Format Version 12.00
# Visual Studio Version 16
VisualStudioVersion = 16.0.30128.74
MinimumVisualStudioVersion = 10.0.40219.1
Project("{FAE04EC0-301F-11D3-BF4B-00C04F79EFBC}") = "FizzBuzz", "FizzBuzz.csproj", "{2A907142-39B9-428F-ABD3-6107678A5DDE}"
EndProject
Global
	GlobalSection(SolutionConfigurationPlatforms) = preSolution
		Debug|Any CPU = Debug|Any CPU
		Release|Any CPU = Release|Any CPU
	EndGlobalSection
	GlobalSection(ProjectConfigurationPlatforms) = postSolution
		{2A907142-39B9-428F-ABD3-6107678A5DDE}.Debug|Any CPU.ActiveCfg = Debug|Any CPU
		{2A907142-39B9-428F-ABD3-6107678A5DDE}.Debug|Any CPU.Build.0 = Debug|Any CPU
		{2A907142-39B9-428F-ABD3-6107678A5DDE}.Release|Any CPU.ActiveCfg = Release|Any CPU
		{2A907142-39B9-428F-ABD3-6107678A5DDE}.Release|Any CPU.Build.0 = Release|Any CPU
	EndGlobalSection
	GlobalSection(SolutionProperties) = preSolution
		HideSolutionNode = FALSE
	EndGlobalSection
	GlobalSection(ExtensibilityGlobals) = postSolution
		SolutionGuid = {B06EA2BC-E965-45B8-93E6-98972D2F8DCD}
	EndGlobalSection
EndGlobal
